
Microsoft Visual Studio Solution File, Format Version 12.00
# Visual Studio 14
VisualStudioVersion = 14.0.25420.1
MinimumVisualStudioVersion = 10.0.40219.1
Project("{FAE04EC0-301F-11D3-BF4B-00C04F79EFBC}") = "Cashier", "Cashier\Cashier.csproj", "{CD0722C8-6669-4542-ACD9-940F799EA2CB}"
EndProject
Project("{FAE04EC0-301F-11D3-BF4B-00C04F79EFBC}") = "CashierMSTests", "CashierTests\CashierMSTests.csproj", "{3FC2E693-DC61-488B-BC24-A20780B332D3}"
EndProject
Project("{FAE04EC0-301F-11D3-BF4B-00C04F79EFBC}") = "CashierxTests", "CashierxTests\CashierxTests.csproj", "{69511134-2507-4F71-ADCB-D66B39D92D84}"
EndProject
Project("{FAE04EC0-301F-11D3-BF4B-00C04F79EFBC}") = "CashierNTests", "CashiernTests\CashierNTests.csproj", "{2FC1268C-D14D-4046-981F-EF06FC3BA385}"
EndProject
Global
	GlobalSection(SolutionConfigurationPlatforms) = preSolution
		Debug|Any CPU = Debug|Any CPU
		Release|Any CPU = Release|Any CPU
	EndGlobalSection
	GlobalSection(ProjectConfigurationPlatforms) = postSolution
		{CD0722C8-6669-4542-ACD9-940F799EA2CB}.Debug|Any CPU.ActiveCfg = Debug|Any CPU
		{CD0722C8-6669-4542-ACD9-940F799EA2CB}.Debug|Any CPU.Build.0 = Debug|Any CPU
		{CD0722C8-6669-4542-ACD9-940F799EA2CB}.Release|Any CPU.ActiveCfg = Release|Any CPU
		{CD0722C8-6669-4542-ACD9-940F799EA2CB}.Release|Any CPU.Build.0 = Release|Any CPU
		{3FC2E693-DC61-488B-BC24-A20780B332D3}.Debug|Any CPU.ActiveCfg = Debug|Any CPU
		{3FC2E693-DC61-488B-BC24-A20780B332D3}.Debug|Any CPU.Build.0 = Debug|Any CPU
		{3FC2E693-DC61-488B-BC24-A20780B332D3}.Release|Any CPU.ActiveCfg = Release|Any CPU
		{3FC2E693-DC61-488B-BC24-A20780B332D3}.Release|Any CPU.Build.0 = Release|Any CPU
		{69511134-2507-4F71-ADCB-D66B39D92D84}.Debug|Any CPU.ActiveCfg = Debug|Any CPU
		{69511134-2507-4F71-ADCB-D66B39D92D84}.Debug|Any CPU.Build.0 = Debug|Any CPU
		{69511134-2507-4F71-ADCB-D66B39D92D84}.Release|Any CPU.ActiveCfg = Release|Any CPU
		{69511134-2507-4F71-ADCB-D66B39D92D84}.Release|Any CPU.Build.0 = Release|Any CPU
		{2FC1268C-D14D-4046-981F-EF06FC3BA385}.Debug|Any CPU.ActiveCfg = Debug|Any CPU
		{2FC1268C-D14D-4046-981F-EF06FC3BA385}.Debug|Any CPU.Build.0 = Debug|Any CPU
		{2FC1268C-D14D-4046-981F-EF06FC3BA385}.Release|Any CPU.ActiveCfg = Release|Any CPU
		{2FC1268C-D14D-4046-981F-EF06FC3BA385}.Release|Any CPU.Build.0 = Release|Any CPU
	EndGlobalSection
	GlobalSection(SolutionProperties) = preSolution
		HideSolutionNode = FALSE
	EndGlobalSection
EndGlobal
